
Microsoft Visual Studio Solution File, Format Version 12.00
# Visual Studio Version 17
VisualStudioVersion = 17.7.34221.43
MinimumVisualStudioVersion = 10.0.40219.1
Project("{9A19103F-16F7-4668-BE54-9A1E7A4F7556}") = "ApplicationCore-BilgeAdam", "ApplicationCore-BilgeAdam\ApplicationCore-BilgeAdam.csproj", "{0C1ADAA6-3553-44C2-ACDB-717C3AA7986E}"
EndProject
Project("{9A19103F-16F7-4668-BE54-9A1E7A4F7556}") = "Infrastructure-BilgeAdam", "Infrastructure-BilgeAdam\Infrastructure-BilgeAdam.csproj", "{79F4A79A-CD61-4C9E-9889-074AA17EC632}"
EndProject
Project("{9A19103F-16F7-4668-BE54-9A1E7A4F7556}") = "WEB-BilgeAdam", "WEB-BilgeAdam\WEB-BilgeAdam.csproj", "{467921EC-A8C6-4A8E-9C41-7A5BE6907F6A}"
EndProject
Project("{2150E333-8FDC-42A3-9474-1A3956D46DE8}") = "Solution Items", "Solution Items", "{82D41392-FADF-47FA-BEE6-A3760126E339}"
	ProjectSection(SolutionItems) = preProject
		README.txt = README.txt
	EndProjectSection
EndProject
Global
	GlobalSection(SolutionConfigurationPlatforms) = preSolution
		Debug|Any CPU = Debug|Any CPU
		Release|Any CPU = Release|Any CPU
	EndGlobalSection
	GlobalSection(ProjectConfigurationPlatforms) = postSolution
		{0C1ADAA6-3553-44C2-ACDB-717C3AA7986E}.Debug|Any CPU.ActiveCfg = Debug|Any CPU
		{0C1ADAA6-3553-44C2-ACDB-717C3AA7986E}.Debug|Any CPU.Build.0 = Debug|Any CPU
		{0C1ADAA6-3553-44C2-ACDB-717C3AA7986E}.Release|Any CPU.ActiveCfg = Release|Any CPU
		{0C1ADAA6-3553-44C2-ACDB-717C3AA7986E}.Release|Any CPU.Build.0 = Release|Any CPU
		{79F4A79A-CD61-4C9E-9889-074AA17EC632}.Debug|Any CPU.ActiveCfg = Debug|Any CPU
		{79F4A79A-CD61-4C9E-9889-074AA17EC632}.Debug|Any CPU.Build.0 = Debug|Any CPU
		{79F4A79A-CD61-4C9E-9889-074AA17EC632}.Release|Any CPU.ActiveCfg = Release|Any CPU
		{79F4A79A-CD61-4C9E-9889-074AA17EC632}.Release|Any CPU.Build.0 = Release|Any CPU
		{467921EC-A8C6-4A8E-9C41-7A5BE6907F6A}.Debug|Any CPU.ActiveCfg = Debug|Any CPU
		{467921EC-A8C6-4A8E-9C41-7A5BE6907F6A}.Debug|Any CPU.Build.0 = Debug|Any CPU
		{467921EC-A8C6-4A8E-9C41-7A5BE6907F6A}.Release|Any CPU.ActiveCfg = Release|Any CPU
		{467921EC-A8C6-4A8E-9C41-7A5BE6907F6A}.Release|Any CPU.Build.0 = Release|Any CPU
	EndGlobalSection
	GlobalSection(SolutionProperties) = preSolution
		HideSolutionNode = FALSE
	EndGlobalSection
	GlobalSection(ExtensibilityGlobals) = postSolution
		SolutionGuid = {F0B88510-CEE1-41E1-A652-B9A59C427104}
	EndGlobalSection
EndGlobal
